PODS:
  - Alamofire (4.9.1)
  - SnapKit (5.6.0)
  - SwiftyJSON (5.0.2)

DEPENDENCIES:
  - Alamofire
  - SnapKit
  - SwiftyJSON

SPEC REPOS:
  trunk:
    - Alamofire
    - SnapKit
    - SwiftyJSON

SPEC CHECKSUMS:
  Alamofire: 85e8a02c69d6020a0d734f6054870d7ecb75cf18
  SnapKit: e01d52ebb8ddbc333eefe2132acf85c8227d9c25
  SwiftyJSON: f5b1bf1cd8dd53cd25887ac0eabcfd92301c6a5a

PODFILE CHECKSUM: 7431903e055768c3e849e2029e66e35fcad5dc6a

COCOAPODS: 1.14.2
